// !$*UTF8*$!
{
	archiveVersion = 1;
	classes = {
	};
	objectVersion = 77;
	objects = {

/* Begin PBXBuildFile section */
		2BA56ACB302C2956001AD862 /* ComposableArchitecture in Frameworks */ = {isa = PBXBuildFile; productRef = 2BA56ACA302C2956001AD862 /* ComposableArchitecture */; };
/* End PBXBuildFile section */

/* Begin PBXContainerItemProxy section */
		2B786067302A3A0E00CB0D92 /* PBXContainerItemProxy */ = {
			isa = PBXContainerItemProxy;
			containerPortal = 2B78604F302A3A0D00CB0D92 /* Project object */;
			proxyType = 1;
			remoteGlobalIDString = 2B786056302A3A0D00CB0D92;
			remoteInfo = lotus_connect_ios;
		};
		2B786071302A3A0E00CB0D92 /* PBXContainerItemProxy */ = {
			isa = PBXContainerItemProxy;
			containerPortal = 2B78604F302A3A0D00CB0D92 /* Project object */;
			proxyType = 1;
			remoteGlobalIDString = 2B786056302A3A0D00CB0D92;
			remoteInfo = lotus_connect_ios;
		};
/* End PBXContainerItemProxy section */

/* Begin PBXFileReference section */
		2B786057302A3A0D00CB0D92 /* lotus_connect_ios.app */ = {isa = PBXFileReference; explicitFileType = wrapper.application; includeInIndex = 0; path = lotus_connect_ios.app; sourceTree = BUILT_PRODUCTS_DIR; };
		2B786066302A3A0E00CB0D92 /* lotus_connect_iosTests.xctest */ = {isa = PBXFileReference; explicitFileType = wrapper.cfbundle; includeInIndex = 0; path = lotus_connect_iosTests.xctest; sourceTree = BUILT_PRODUCTS_DIR; };
		2B786070302A3A0E00CB0D92 /* lotus_connect_iosUITests.xctest */ = {isa = PBXFileReference; explicitFileType = wrapper.cfbundle; includeInIndex = 0; path = lotus_connect_iosUITests.xctest; sourceTree = BUILT_PRODUCTS_DIR; };
/* End PBXFileReference section */

/* Begin PBXFileSystemSynchronizedRootGroup section */
		2B786059302A3A0D00CB0D92 /* lotus_connect_ios */ = {
			isa = PBXFileSystemSynchronizedRootGroup;
			path = lotus_connect_ios;
			sourceTree = "<group>";
		};
		2B786069302A3A0E00CB0D92 /* lotus_connect_iosTests */ = {
			isa = PBXFileSystemSynchronizedRootGroup;
			path = lotus_connect_iosTests;
			sourceTree = "<group>";
		};
		2B786073302A3A0E00CB0D92 /* lotus_connect_iosUITests */ = {
			isa = PBXFileSystemSynchronizedRootGroup;
			path = lotus_connect_iosUITests;
			sourceTree = "<group>";
		};
/* End PBXFileSystemSynchronizedRootGroup section */

/* Begin PBXFrameworksBuildPhase section */
		2B786054302A3A0D00CB0D92 /* Frameworks */ = {
			isa = PBXFrameworksBuildPhase;
			buildActionMask = 2147483647;
			files = (
				2BA56ACB302C2956001AD862 /* ComposableArchitecture in Frameworks */,
			);
			runOnlyForDeploymentPostprocessing = 0;
		};
		2B786063302A3A0E00CB0D92 /* Frameworks */ = {
			isa = PBXFrameworksBuildPhase;
			buildActionMask = 2147483647;
			files = (
			);
			runOnlyForDeploymentPostprocessing = 0;
		};
		2B78606D302A3A0E00CB0D92 /* Frameworks */ = {
			isa = PBXFrameworksBuildPhase;
			buildActionMask = 2147483647;
			files = (
			);
			runOnlyForDeploymentPostprocessing = 0;
		};
/* End PBXFrameworksBuildPhase section */

/* Begin PBXGroup section */
		2B78604E302A3A0D00CB0D92 = {
			isa = PBXGroup;
			children = (
				2B786059302A3A0D00CB0D92 /* lotus_connect_ios */,
				2B786069302A3A0E00CB0D92 /* lotus_connect_iosTests */,
				2B786073302A3A0E00CB0D92 /* lotus_connect_iosUITests */,
				2BA56AC9302C2956001AD862 /* Frameworks */,
				2B786058302A3A0D00CB0D92 /* Products */,
			);
			sourceTree = "<group>";
		};
		2B786058302A3A0D00CB0D92 /* Products */ = {
			isa = PBXGroup;
			children = (
				2B786057302A3A0D00CB0D92 /* lotus_connect_ios.app */,
				2B786066302A3A0E00CB0D92 /* lotus_connect_iosTests.xctest */,
				2B786070302A3A0E00CB0D92 /* lotus_connect_iosUITests.xctest */,
			);
			name = Products;
			sourceTree = "<group>";
		};
		2BA56AC9302C2956001AD862 /* Frameworks */ = {
			isa = PBXGroup;
			children = (
			);
			name = Frameworks;
			sourceTree = "<group>";
		};
/* End PBXGroup section */

/* Begin PBXNativeTarget section */
		2B786056302A3A0D00CB0D92 /* lotus_connect_ios */ = {
			isa = PBXNativeTarget;
			buildConfigurationList = 2B78607A302A3A0E00CB0D92 /* Build configuration list for PBXNativeTarget "lotus_connect_ios" */;
			buildPhases = (
				2B786053302A3A0D00CB0D92 /* Sources */,
				2B786054302A3A0D00CB0D92 /* Frameworks */,
				2B786055302A3A0D00CB0D92 /* Resources */,
			);
			buildRules = (
			);
			dependencies = (
			);
			fileSystemSynchronizedGroups = (
				2B786059302A3A0D00CB0D92 /* lotus_connect_ios */,
			);
			name = lotus_connect_ios;
			packageProductDependencies = (
				2BA56ACA302C2956001AD862 /* ComposableArchitecture */,
			);
			productName = lotus_connect_ios;
			productReference = 2B786057302A3A0D00CB0D92 /* lotus_connect_ios.app */;
			productType = "com.apple.product-type.application";
		};
		2B786065302A3A0E00CB0D92 /* lotus_connect_iosTests */ = {
			isa = PBXNativeTarget;
			buildConfigurationList = 2B78607D302A3A0E00CB0D92 /* Build configuration list for PBXNativeTarget "lotus_connect_iosTests" */;
			buildPhases = (
				2B786062302A3A0E00CB0D92 /* Sources */,
				2B786063302A3A0E00CB0D92 /* Frameworks */,
				2B786064302A3A0E00CB0D92 /* Resources */,
			);
			buildRules = (
			);
			dependencies = (
				2B786068302A3A0E00CB0D92 /* PBXTargetDependency */,
			);
			fileSystemSynchronizedGroups = (
				2B786069302A3A0E00CB0D92 /* lotus_connect_iosTests */,
			);
			name = lotus_connect_iosTests;
			packageProductDependencies = (
			);
			productName = lotus_connect_iosTests;
			productReference = 2B786066302A3A0E00CB0D92 /* lotus_connect_iosTests.xctest */;
			productType = "com.apple.product-type.bundle.unit-test";
		};
		2B78606F302A3A0E00CB0D92 /* lotus_connect_iosUITests */ = {
			isa = PBXNativeTarget;
			buildConfigurationList = 2B786080302A3A0E00CB0D92 /* Build configuration list for PBXNativeTarget "lotus_connect_iosUITests" */;
			buildPhases = (
				2B78606C302A3A0E00CB0D92 /* Sources */,
				2B78606D302A3A0E00CB0D92 /* Frameworks */,
				2B78606E302A3A0E00CB0D92 /* Resources */,
			);
			buildRules = (
			);
			dependencies = (
				2B786072302A3A0E00CB0D92 /* PBXTargetDependency */,
			);
			fileSystemSynchronizedGroups = (
				2B786073302A3A0E00CB0D92 /* lotus_connect_iosUITests */,
			);
			name = lotus_connect_iosUITests;
			packageProductDependencies = (
			);
			productName = lotus_connect_iosUITests;
			productReference = 2B786070302A3A0E00CB0D92 /* lotus_connect_iosUITests.xctest */;
			productType = "com.apple.product-type.bundle.ui-testing";
		};
/* End PBXNativeTarget section */

/* Begin PBXProject section */
		2B78604F302A3A0D00CB0D92 /* Project object */ = {
			isa = PBXProject;
			attributes = {
				BuildIndependentTargetsInParallel = 1;
				LastSwiftUpdateCheck = 2660;
				LastUpgradeCheck = 2660;
				TargetAttributes = {
					2B786056302A3A0D00CB0D92 = {
						CreatedOnToolsVersion = 26.6;
					};
					2B786065302A3A0E00CB0D92 = {
						CreatedOnToolsVersion = 26.6;
						TestTargetID = 2B786056302A3A0D00CB0D92;
					};
					2B78606F302A3A0E00CB0D92 = {
						CreatedOnToolsVersion = 26.6;
						TestTargetID = 2B786056302A3A0D00CB0D92;
					};
				};
			};
			buildConfigurationList = 2B786052302A3A0D00CB0D92 /* Build configuration list for PBXProject "lotus_connect_ios" */;
			developmentRegion = en;
			hasScannedForEncodings = 0;
			knownRegions = (
				en,
				Base,
			);
			mainGroup = 2B78604E302A3A0D00CB0D92;
			minimizedProjectReferenceProxies = 1;
			packageReferences = (
				2BA56AC8302C2847001AD862 /* XCRemoteSwiftPackageReference "swift-composable-architecture" */,
			);
			preferredProjectObjectVersion = 77;
			productRefGroup = 2B786058302A3A0D00CB0D92 /* Products */;
			projectDirPath = "";
			projectRoot = "";
			targets = (
				2B786056302A3A0D00CB0D92 /* lotus_connect_ios */,
				2B786065302A3A0E00CB0D92 /* lotus_connect_iosTests */,
				2B78606F302A3A0E00CB0D92 /* lotus_connect_iosUITests */,
			);
		};
/* End PBXProject section */

/* Begin PBXResourcesBuildPhase section */
		2B786055302A3A0D00CB0D92 /* Resources */ = {
			isa = PBXResourcesBuildPhase;
			buildActionMask = 2147483647;
			files = (
			);
			runOnlyForDeploymentPostprocessing = 0;
		};
		2B786064302A3A0E00CB0D92 /* Resources */ = {
			isa = PBXResourcesBuildPhase;
			buildActionMask = 2147483647;
			files = (
			);
			runOnlyForDeploymentPostprocessing = 0;
		};
		2B78606E302A3A0E00CB0D92 /* Resources */ = {
			isa = PBXResourcesBuildPhase;
			buildActionMask = 2147483647;
			files = (
			);
			runOnlyForDeploymentPostprocessing = 0;
		};
/* End PBXResourcesBuildPhase section */

/* Begin PBXSourcesBuildPhase section */
		2B786053302A3A0D00CB0D92 /* Sources */ = {
			isa = PBXSourcesBuildPhase;
			buildActionMask = 2147483647;
			files = (
			);
			runOnlyForDeploymentPostprocessing = 0;
		};
		2B786062302A3A0E00CB0D92 /* Sources */ = {
			isa = PBXSourcesBuildPhase;
			buildActionMask = 2147483647;
			files = (
			);
			runOnlyForDeploymentPostprocessing = 0;
		};
		2B78606C302A3A0E00CB0D92 /* Sources */ = {
			isa = PBXSourcesBuildPhase;
			buildActionMask = 2147483647;
			files = (
			);
			runOnlyForDeploymentPostprocessing = 0;
		};
/* End PBXSourcesBuildPhase section */

/* Begin PBXTargetDependency section */
		2B786068302A3A0E00CB0D92 /* PBXTargetDependency */ = {
			isa = PBXTargetDependency;
			target = 2B786056302A3A0D00CB0D92 /* lotus_connect_ios */;
			targetProxy = 2B786067302A3A0E00CB0D92 /* PBXContainerItemProxy */;
		};
		2B786072302A3A0E00CB0D92 /* PBXTargetDependency */ = {
			isa = PBXTargetDependency;
			target = 2B786056302A3A0D00CB0D92 /* lotus_connect_ios */;
			targetProxy = 2B786071302A3A0E00CB0D92 /* PBXContainerItemProxy */;
		};
/* End PBXTargetDependency section */

/* Begin XCBuildConfiguration section */
		2B786078302A3A0E00CB0D92 /* Debug */ = {
			isa = XCBuildConfiguration;
			buildSettings = {
				ALWAYS_SEARCH_USER_PATHS = NO;
				ASSETCATALOG_COMPILER_GENERATE_SWIFT_ASSET_SYMBOL_EXTENSIONS = YES;
				CLANG_ANALYZER_NONNULL = YES;
				CLANG_ANALYZER_NUMBER_OBJECT_CONVERSION = YES_AGGRESSIVE;
				CLANG_CXX_LANGUAGE_STANDARD = "gnu++20";
				CLANG_ENABLE_MODULES = YES;
				CLANG_ENABLE_OBJC_ARC = YES;
				CLANG_ENABLE_OBJC_WEAK = YES;
				CLANG_WARN_BLOCK_CAPTURE_AUTORELEASING = YES;
				CLANG_WARN_BOOL_CONVERSION = YES;
				CLANG_WARN_COMMA = YES;
				CLANG_WARN_CONSTANT_CONVERSION = YES;
				CLANG_WARN_DEPRECATED_OBJC_IMPLEMENTATIONS = YES;
				CLANG_WARN_DIRECT_OBJC_ISA_USAGE = YES_ERROR;
				CLANG_WARN_DOCUMENTATION_COMMENTS = YES;
				CLANG_WARN_EMPTY_BODY = YES;
				CLANG_WARN_ENUM_CONVERSION = YES;
				CLANG_WARN_INFINITE_RECURSION = YES;
				CLANG_WARN_INT_CONVERSION = YES;
				CLANG_WARN_NON_LITERAL_NULL_CONVERSION = YES;
				CLANG_WARN_OBJC_IMPLICIT_RETAIN_SELF = YES;
				CLANG_WARN_OBJC_LITERAL_CONVERSION = YES;
				CLANG_WARN_OBJC_ROOT_CLASS = YES_ERROR;
				CLANG_WARN_QUOTED_INCLUDE_IN_FRAMEWORK_HEADER = YES;
				CLANG_WARN_RANGE_LOOP_ANALYSIS = YES;
				CLANG_WARN_STRICT_PROTOTYPES = YES;
				CLANG_WARN_SUSPICIOUS_MOVE = YES;
				CLANG_WARN_UNGUARDED_AVAILABILITY = YES_AGGRESSIVE;
				CLANG_WARN_UNREACHABLE_CODE = YES;
				CLANG_WARN__DUPLICATE_METHOD_MATCH = YES;
				COPY_PHASE_STRIP = NO;
				DEBUG_INFORMATION_FORMAT = dwarf;
				DEVELOPMENT_TEAM = YKCWZZWJTS;
				ENABLE_STRICT_OBJC_MSGSEND = YES;
				ENABLE_TESTABILITY = YES;
				ENABLE_USER_SCRIPT_SANDBOXING = YES;
				GCC_C_LANGUAGE_STANDARD = gnu17;
				GCC_DYNAMIC_NO_PIC = NO;
				GCC_NO_COMMON_BLOCKS = YES;
				GCC_OPTIMIZATION_LEVEL = 0;
				GCC_PREPROCESSOR_DEFINITIONS = (
					"DEBUG=1",
					"$(inherited)",
				);
				GCC_WARN_64_TO_32_BIT_CONVERSION = YES;
				GCC_WARN_ABOUT_RETURN_TYPE = YES_ERROR;
				GCC_WARN_UNDECLARED_SELECTOR = YES;
				GCC_WARN_UNINITIALIZED_AUTOS = YES_AGGRESSIVE;
				GCC_WARN_UNUSED_FUNCTION = YES;
				GCC_WARN_UNUSED_VARIABLE = YES;
				IPHONEOS_DEPLOYMENT_TARGET = 26.5;
				LOCALIZATION_PREFERS_STRING_CATALOGS = YES;
				MTL_ENABLE_DEBUG_INFO = INCLUDE_SOURCE;
				MTL_FAST_MATH = YES;
				ONLY_ACTIVE_ARCH = YES;
				SDKROOT = iphoneos;
				SWIFT_ACTIVE_COMPILATION_CONDITIONS = "DEBUG $(inherited)";
				SWIFT_OPTIMIZATION_LEVEL = "-Onone";
			};
			name = Debug;
		};
		2B786079302A3A0E00CB0D92 /* Release */ = {
			isa = XCBuildConfiguration;
			buildSettings = {
				ALWAYS_SEARCH_USER_PATHS = NO;
				ASSETCATALOG_COMPILER_GENERATE_SWIFT_ASSET_SYMBOL_EXTENSIONS = YES;
				CLANG_ANALYZER_NONNULL = YES;
				CLANG_ANALYZER_NUMBER_OBJECT_CONVERSION = YES_AGGRESSIVE;
				CLANG_CXX_LANGUAGE_STANDARD = "gnu++20";
				CLANG_ENABLE_MODULES = YES;
				CLANG_ENABLE_OBJC_ARC = YES;
				CLANG_ENABLE_OBJC_WEAK = YES;
				CLANG_WARN_BLOCK_CAPTURE_AUTORELEASING = YES;
				CLANG_WARN_BOOL_CONVERSION = YES;
				CLANG_WARN_COMMA = YES;
				CLANG_WARN_CONSTANT_CONVERSION = YES;
				CLANG_WARN_DEPRECATED_OBJC_IMPLEMENTATIONS = YES;
				CLANG_WARN_DIRECT_OBJC_ISA_USAGE = YES_ERROR;
				CLANG_WARN_DOCUMENTATION_COMMENTS = YES;
				CLANG_WARN_EMPTY_BODY = YES;
				CLANG_WARN_ENUM_CONVERSION = YES;
				CLANG_WARN_INFINITE_RECURSION = YES;
				CLANG_WARN_INT_CONVERSION = YES;
				CLANG_WARN_NON_LITERAL_NULL_CONVERSION = YES;
				CLANG_WARN_OBJC_IMPLICIT_RETAIN_SELF = YES;
				CLANG_WARN_OBJC_LITERAL_CONVERSION = YES;
				CLANG_WARN_OBJC_ROOT_CLASS = YES_ERROR;
				CLANG_WARN_QUOTED_INCLUDE_IN_FRAMEWORK_HEADER = YES;
				CLANG_WARN_RANGE_LOOP_ANALYSIS = YES;
				CLANG_WARN_STRICT_PROTOTYPES = YES;
				CLANG_WARN_SUSPICIOUS_MOVE = YES;
				CLANG_WARN_UNGUARDED_AVAILABILITY = YES_AGGRESSIVE;
				CLANG_WARN_UNREACHABLE_CODE = YES;
				CLANG_WARN__DUPLICATE_METHOD_MATCH = YES;
				COPY_PHASE_STRIP = NO;
				DEBUG_INFORMATION_FORMAT = "dwarf-with-dsym";
				DEVELOPMENT_TEAM = YKCWZZWJTS;
				ENABLE_NS_ASSERTIONS = NO;
				ENABLE_STRICT_OBJC_MSGSEND = YES;
				ENABLE_USER_SCRIPT_SANDBOXING = YES;
				GCC_C_LANGUAGE_STANDARD = gnu17;
				GCC_NO_COMMON_BLOCKS = YES;
				GCC_WARN_64_TO_32_BIT_CONVERSION = YES;
				GCC_WARN_ABOUT_RETURN_TYPE = YES_ERROR;
				GCC_WARN_UNDECLARED_SELECTOR = YES;
				GCC_WARN_UNINITIALIZED_AUTOS = YES_AGGRESSIVE;
				GCC_WARN_UNUSED_FUNCTION = YES;
				GCC_WARN_UNUSED_VARIABLE = YES;
				IPHONEOS_DEPLOYMENT_TARGET = 26.5;
				LOCALIZATION_PREFERS_STRING_CATALOGS = YES;
				MTL_ENABLE_DEBUG_INFO = NO;
				MTL_FAST_MATH = YES;
				SDKROOT = iphoneos;
				SWIFT_COMPILATION_MODE = wholemodule;
				VALIDATE_PRODUCT = YES;
			};
			name = Release;
		};
		2B78607B302A3A0E00CB0D92 /* Debug */ = {
			isa = XCBuildConfiguration;
			buildSettings = {
				ASSETCATALOG_COMPILER_APPICON_NAME = AppIcon;
				ASSETCATALOG_COMPILER_GLOBAL_ACCENT_COLOR_NAME = AccentColor;
				CODE_SIGN_STYLE = Automatic;
				CURRENT_PROJECT_VERSION = 1;
				DEVELOPMENT_TEAM = YKCWZZWJTS;
				ENABLE_PREVIEWS = YES;
				GENERATE_INFOPLIST_FILE = YES;
				INFOPLIST_KEY_UIApplicationSceneManifest_Generation = YES;
				INFOPLIST_KEY_UIApplicationSupportsIndirectInputEvents = YES;
				INFOPLIST_KEY_UILaunchScreen_Generation = YES;
				INFOPLIST_KEY_UISupportedInterfaceOrientations_iPad = "UIInterfaceOrientationPortrait UIInterfaceOrientationPortraitUpsideDown UIInterfaceOrientationLandscapeLeft UIInterfaceOrientationLandscapeRight";
				INFOPLIST_KEY_UISupportedInterfaceOrientations_iPhone = "UIInterfaceOrientationPortrait UIInterfaceOrientationLandscapeLeft UIInterfaceOrientationLandscapeRight";
				LD_RUNPATH_SEARCH_PATHS = (
					"$(inherited)",
					"@executable_path/Frameworks",
				);
				MARKETING_VERSION = 1.0;
				PRODUCT_BUNDLE_IDENTIFIER = "devblock.tech.lotus-connect-ios";
				PRODUCT_NAME = "$(TARGET_NAME)";
				STRING_CATALOG_GENERATE_SYMBOLS = YES;
				SWIFT_APPROACHABLE_CONCURRENCY = YES;
				SWIFT_DEFAULT_ACTOR_ISOLATION = MainActor;
				SWIFT_EMIT_LOC_STRINGS = YES;
				SWIFT_UPCOMING_FEATURE_MEMBER_IMPORT_VISIBILITY = YES;
				SWIFT_VERSION = 5.0;
				TARGETED_DEVICE_FAMILY = "1,2";
			};
			name = Debug;
		};
		2B78607C302A3A0E00CB0D92 /* Release */ = {
			isa = XCBuildConfiguration;
			buildSettings = {
				ASSETCATALOG_COMPILER_APPICON_NAME = AppIcon;
				ASSETCATALOG_COMPILER_GLOBAL_ACCENT_COLOR_NAME = AccentColor;
				CODE_SIGN_STYLE = Automatic;
				CURRENT_PROJECT_VERSION = 1;
				DEVELOPMENT_TEAM = YKCWZZWJTS;
				ENABLE_PREVIEWS = YES;
				GENERATE_INFOPLIST_FILE = YES;
				INFOPLIST_KEY_UIApplicationSceneManifest_Generation = YES;
				INFOPLIST_KEY_UIApplicationSupportsIndirectInputEvents = YES;
				INFOPLIST_KEY_UILaunchScreen_Generation = YES;
				INFOPLIST_KEY_UISupportedInterfaceOrientations_iPad = "UIInterfaceOrientationPortrait UIInterfaceOrientationPortraitUpsideDown UIInterfaceOrientationLandscapeLeft UIInterfaceOrientationLandscapeRight";
				INFOPLIST_KEY_UISupportedInterfaceOrientations_iPhone = "UIInterfaceOrientationPortrait UIInterfaceOrientationLandscapeLeft UIInterfaceOrientationLandscapeRight";
				LD_RUNPATH_SEARCH_PATHS = (
					"$(inherited)",
					"@executable_path/Frameworks",
				);
				MARKETING_VERSION = 1.0;
				PRODUCT_BUNDLE_IDENTIFIER = "devblock.tech.lotus-connect-ios";
				PRODUCT_NAME = "$(TARGET_NAME)";
				STRING_CATALOG_GENERATE_SYMBOLS = YES;
				SWIFT_APPROACHABLE_CONCURRENCY = YES;
				SWIFT_DEFAULT_ACTOR_ISOLATION = MainActor;
				SWIFT_EMIT_LOC_STRINGS = YES;
				SWIFT_UPCOMING_FEATURE_MEMBER_IMPORT_VISIBILITY = YES;
				SWIFT_VERSION = 5.0;
				TARGETED_DEVICE_FAMILY = "1,2";
			};
			name = Release;
		};
		2B78607E302A3A0E00CB0D92 /* Debug */ = {
			isa = XCBuildConfiguration;
			buildSettings = {
				BUNDLE_LOADER = "$(TEST_HOST)";
				CODE_SIGN_STYLE = Automatic;
				CURRENT_PROJECT_VERSION = 1;
				DEVELOPMENT_TEAM = YKCWZZWJTS;
				GENERATE_INFOPLIST_FILE = YES;
				IPHONEOS_DEPLOYMENT_TARGET = 26.5;
				MARKETING_VERSION = 1.0;
				PRODUCT_BUNDLE_IDENTIFIER = "devblock.tech.lotus-connect-iosTests";
				PRODUCT_NAME = "$(TARGET_NAME)";
				STRING_CATALOG_GENERATE_SYMBOLS = NO;
				SWIFT_APPROACHABLE_CONCURRENCY = YES;
				SWIFT_EMIT_LOC_STRINGS = NO;
				SWIFT_UPCOMING_FEATURE_MEMBER_IMPORT_VISIBILITY = YES;
				SWIFT_VERSION = 5.0;
				TARGETED_DEVICE_FAMILY = "1,2";
				TEST_HOST = "$(BUILT_PRODUCTS_DIR)/lotus_connect_ios.app/$(BUNDLE_EXECUTABLE_FOLDER_PATH)/lotus_connect_ios";
			};
			name = Debug;
		};
		2B78607F302A3A0E00CB0D92 /* Release */ = {
			isa = XCBuildConfiguration;
			buildSettings = {
				BUNDLE_LOADER = "$(TEST_HOST)";
				CODE_SIGN_STYLE = Automatic;
				CURRENT_PROJECT_VERSION = 1;
				DEVELOPMENT_TEAM = YKCWZZWJTS;
				GENERATE_INFOPLIST_FILE = YES;
				IPHONEOS_DEPLOYMENT_TARGET = 26.5;
				MARKETING_VERSION = 1.0;
				PRODUCT_BUNDLE_IDENTIFIER = "devblock.tech.lotus-connect-iosTests";
				PRODUCT_NAME = "$(TARGET_NAME)";
				STRING_CATALOG_GENERATE_SYMBOLS = NO;
				SWIFT_APPROACHABLE_CONCURRENCY = YES;
				SWIFT_EMIT_LOC_STRINGS = NO;
				SWIFT_UPCOMING_FEATURE_MEMBER_IMPORT_VISIBILITY = YES;
				SWIFT_VERSION = 5.0;
				TARGETED_DEVICE_FAMILY = "1,2";
				TEST_HOST = "$(BUILT_PRODUCTS_DIR)/lotus_connect_ios.app/$(BUNDLE_EXECUTABLE_FOLDER_PATH)/lotus_connect_ios";
			};
			name = Release;
		};
		2B786081302A3A0E00CB0D92 /* Debug */ = {
			isa = XCBuildConfiguration;
			buildSettings = {
				CODE_SIGN_STYLE = Automatic;
				CURRENT_PROJECT_VERSION = 1;
				DEVELOPMENT_TEAM = YKCWZZWJTS;
				GENERATE_INFOPLIST_FILE = YES;
				MARKETING_VERSION = 1.0;
				PRODUCT_BUNDLE_IDENTIFIER = "devblock.tech.lotus-connect-iosUITests";
				PRODUCT_NAME = "$(TARGET_NAME)";
				STRING_CATALOG_GENERATE_SYMBOLS = NO;
				SWIFT_APPROACHABLE_CONCURRENCY = YES;
				SWIFT_EMIT_LOC_STRINGS = NO;
				SWIFT_UPCOMING_FEATURE_MEMBER_IMPORT_VISIBILITY = YES;
				SWIFT_VERSION = 5.0;
				TARGETED_DEVICE_FAMILY = "1,2";
				TEST_TARGET_NAME = lotus_connect_ios;
			};
			name = Debug;
		};
		2B786082302A3A0E00CB0D92 /* Release */ = {
			isa = XCBuildConfiguration;
			buildSettings = {
				CODE_SIGN_STYLE = Automatic;
				CURRENT_PROJECT_VERSION = 1;
				DEVELOPMENT_TEAM = YKCWZZWJTS;
				GENERATE_INFOPLIST_FILE = YES;
				MARKETING_VERSION = 1.0;
				PRODUCT_BUNDLE_IDENTIFIER = "devblock.tech.lotus-connect-iosUITests";
				PRODUCT_NAME = "$(TARGET_NAME)";
				STRING_CATALOG_GENERATE_SYMBOLS = NO;
				SWIFT_APPROACHABLE_CONCURRENCY = YES;
				SWIFT_EMIT_LOC_STRINGS = NO;
				SWIFT_UPCOMING_FEATURE_MEMBER_IMPORT_VISIBILITY = YES;
				SWIFT_VERSION = 5.0;
				TARGETED_DEVICE_FAMILY = "1,2";
				TEST_TARGET_NAME = lotus_connect_ios;
			};
			name = Release;
		};
/* End XCBuildConfiguration section */

/* Begin XCConfigurationList section */
		2B786052302A3A0D00CB0D92 /* Build configuration list for PBXProject "lotus_connect_ios" */ = {
			isa = XCConfigurationList;
			buildConfigurations = (
				2B786078302A3A0E00CB0D92 /* Debug */,
				2B786079302A3A0E00CB0D92 /* Release */,
			);
			defaultConfigurationIsVisible = 0;
			defaultConfigurationName = Release;
		};
		2B78607A302A3A0E00CB0D92 /* Build configuration list for PBXNativeTarget "lotus_connect_ios" */ = {
			isa = XCConfigurationList;
			buildConfigurations = (
				2B78607B302A3A0E00CB0D92 /* Debug */,
				2B78607C302A3A0E00CB0D92 /* Release */,
			);
			defaultConfigurationIsVisible = 0;
			defaultConfigurationName = Release;
		};
		2B78607D302A3A0E00CB0D92 /* Build configuration list for PBXNativeTarget "lotus_connect_iosTests" */ = {
			isa = XCConfigurationList;
			buildConfigurations = (
				2B78607E302A3A0E00CB0D92 /* Debug */,
				2B78607F302A3A0E00CB0D92 /* Release */,
			);
			defaultConfigurationIsVisible = 0;
			defaultConfigurationName = Release;
		};
		2B786080302A3A0E00CB0D92 /* Build configuration list for PBXNativeTarget "lotus_connect_iosUITests" */ = {
			isa = XCConfigurationList;
			buildConfigurations = (
				2B786081302A3A0E00CB0D92 /* Debug */,
				2B786082302A3A0E00CB0D92 /* Release */,
			);
			defaultConfigurationIsVisible = 0;
			defaultConfigurationName = Release;
		};
/* End XCConfigurationList section */

/* Begin XCRemoteSwiftPackageReference section */
		2BA56AC8302C2847001AD862 /* XCRemoteSwiftPackageReference "swift-composable-architecture" */ = {
			isa = XCRemoteSwiftPackageReference;
			repositoryURL = "https://github.com/pointfreeco/swift-composable-architecture.git";
			requirement = {
				kind = upToNextMajorVersion;
				minimumVersion = 1.26.1;
			};
		};
/* End XCRemoteSwiftPackageReference section */

/* Begin XCSwiftPackageProductDependency section */
		2BA56ACA302C2956001AD862 /* ComposableArchitecture */ = {
			isa = XCSwiftPackageProductDependency;
			package = 2BA56AC8302C2847001AD862 /* XCRemoteSwiftPackageReference "swift-composable-architecture" */;
			productName = ComposableArchitecture;
		};
/* End XCSwiftPackageProductDependency section */
	};
	rootObject = 2B78604F302A3A0D00CB0D92 /* Project object */;
}
